// !$*UTF8*$!
{
	archiveVersion = 1;
	classes = {
	};
	objectVersion = 77;
	objects = {

/* Begin PBXBuildFile section */
		669ED2EB2EE17DE2005F3ECA /* InputMethodKit.framework in Frameworks */ = {isa = PBXBuildFile; fileRef = 669ED2EA2EE17DE2005F3ECA /* InputMethodKit.framework */; };
		669ED2ED2EE17DEF005F3ECA /* QuartzCore.framework in Frameworks */ = {isa = PBXBuildFile; fileRef = 669ED2EC2EE17DEF005F3ECA /* QuartzCore.framework */; };
		669ED2EF2EE17DFA005F3ECA /* UserNotifications.framework in Frameworks */ = {isa = PBXBuildFile; fileRef = 669ED2EE2EE17DFA005F3ECA /* UserNotifications.framework */; };
		669ED2FB2EE1866E005F3ECA /* librime.1.dylib in Copy 3rd-party Frameworks */ = {isa = PBXBuildFile; fileRef = 669ED2FA2EE1866E005F3ECA /* librime.1.dylib */; settings = {ATTRIBUTES = (CodeSignOnCopy, ); }; };
		669ED3002EE18702005F3ECA /* librime-predict.dylib in Copy Rime plugins */ = {isa = PBXBuildFile; fileRef = 669ED2FD2EE18702005F3ECA /* librime-predict.dylib */; settings = {ATTRIBUTES = (CodeSignOnCopy, ); }; };
		669ED3012EE18702005F3ECA /* librime-octagram.dylib in Copy Rime plugins */ = {isa = PBXBuildFile; fileRef = 669ED2FE2EE18702005F3ECA /* librime-octagram.dylib */; settings = {ATTRIBUTES = (CodeSignOnCopy, ); }; };
		669ED3022EE18702005F3ECA /* librime-lua.dylib in Copy Rime plugins */ = {isa = PBXBuildFile; fileRef = 669ED2FF2EE18702005F3ECA /* librime-lua.dylib */; settings = {ATTRIBUTES = (CodeSignOnCopy, ); }; };
		669ED3092EE18914005F3ECA /* rime_deployer in Copy Files */ = {isa = PBXBuildFile; fileRef = 669ED3072EE18914005F3ECA /* rime_deployer */; settings = {ATTRIBUTES = (CodeSignOnCopy, ); }; };
		669ED30A2EE18914005F3ECA /* rime_dict_manager in Copy Files */ = {isa = PBXBuildFile; fileRef = 669ED3082EE18914005F3ECA /* rime_dict_manager */; settings = {ATTRIBUTES = (CodeSignOnCopy, ); }; };
/* End PBXBuildFile section */

/* Begin PBXCopyFilesBuildPhase section */
		669ED2F92EE185CB005F3ECA /* Copy 3rd-party Frameworks */ = {
			isa = PBXCopyFilesBuildPhase;
			buildActionMask = 2147483647;
			dstPath = "";
			dstSubfolderSpec = 10;
			files = (
				669ED2FB2EE1866E005F3ECA /* librime.1.dylib in Copy 3rd-party Frameworks */,
			);
			name = "Copy 3rd-party Frameworks";
			runOnlyForDeploymentPostprocessing = 0;
		};
		669ED2FC2EE186DC005F3ECA /* Copy Rime plugins */ = {
			isa = PBXCopyFilesBuildPhase;
			buildActionMask = 2147483647;
			dstPath = "";
			dstSubfolderSpec = 10;
			files = (
				669ED3002EE18702005F3ECA /* librime-predict.dylib in Copy Rime plugins */,
				669ED3012EE18702005F3ECA /* librime-octagram.dylib in Copy Rime plugins */,
				669ED3022EE18702005F3ECA /* librime-lua.dylib in Copy Rime plugins */,
			);
			name = "Copy Rime plugins";
			runOnlyForDeploymentPostprocessing = 0;
		};
		669ED3062EE188E6005F3ECA /* Copy Files */ = {
			isa = PBXCopyFilesBuildPhase;
			buildActionMask = 2147483647;
			dstPath = "";
			dstSubfolderSpec = 6;
			files = (
				669ED3092EE18914005F3ECA /* rime_deployer in Copy Files */,
				669ED30A2EE18914005F3ECA /* rime_dict_manager in Copy Files */,
			);
			name = "Copy Files";
			runOnlyForDeploymentPostprocessing = 0;
		};
/* End PBXCopyFilesBuildPhase section */

/* Begin PBXFileReference section */
		66998FBF2EE03A0400963BDE /* oim.app */ = {isa = PBXFileReference; explicitFileType = wrapper.application; includeInIndex = 0; path = oim.app; sourceTree = BUILT_PRODUCTS_DIR; };
		669ED2EA2EE17DE2005F3ECA /* InputMethodKit.framework */ = {isa = PBXFileReference; lastKnownFileType = wrapper.framework; name = InputMethodKit.framework; path = System/Library/Frameworks/InputMethodKit.framework; sourceTree = SDKROOT; };
		669ED2EC2EE17DEF005F3ECA /* QuartzCore.framework */ = {isa = PBXFileReference; lastKnownFileType = wrapper.framework; name = QuartzCore.framework; path = System/Library/Frameworks/QuartzCore.framework; sourceTree = SDKROOT; };
		669ED2EE2EE17DFA005F3ECA /* UserNotifications.framework */ = {isa = PBXFileReference; lastKnownFileType = wrapper.framework; name = UserNotifications.framework; path = System/Library/Frameworks/UserNotifications.framework; sourceTree = SDKROOT; };
		669ED2FA2EE1866E005F3ECA /* librime.1.dylib */ = {isa = PBXFileReference; lastKnownFileType = "compiled.mach-o.dylib"; name = librime.1.dylib; path = lib/librime.1.dylib; sourceTree = "<group>"; };
		669ED2FD2EE18702005F3ECA /* librime-predict.dylib */ = {isa = PBXFileReference; lastKnownFileType = "compiled.mach-o.dylib"; name = "librime-predict.dylib"; path = "lib/rime-plugins/librime-predict.dylib"; sourceTree = "<group>"; };
		669ED2FE2EE18702005F3ECA /* librime-octagram.dylib */ = {isa = PBXFileReference; lastKnownFileType = "compiled.mach-o.dylib"; name = "librime-octagram.dylib"; path = "lib/rime-plugins/librime-octagram.dylib"; sourceTree = "<group>"; };
		669ED2FF2EE18702005F3ECA /* librime-lua.dylib */ = {isa = PBXFileReference; lastKnownFileType = "compiled.mach-o.dylib"; name = "librime-lua.dylib"; path = "lib/rime-plugins/librime-lua.dylib"; sourceTree = "<group>"; };
		669ED3072EE18914005F3ECA /* rime_deployer */ = {isa = PBXFileReference; lastKnownFileType = "compiled.mach-o.executable"; name = rime_deployer; path = bin/rime_deployer; sourceTree = "<group>"; };
		669ED3082EE18914005F3ECA /* rime_dict_manager */ = {isa = PBXFileReference; lastKnownFileType = "compiled.mach-o.executable"; name = rime_dict_manager; path = bin/rime_dict_manager; sourceTree = "<group>"; };
/* End PBXFileReference section */

/* Begin PBXFileSystemSynchronizedRootGroup section */
		66998FC12EE03A0400963BDE /* oim */ = {
			isa = PBXFileSystemSynchronizedRootGroup;
			path = oim;
			sourceTree = "<group>";
		};
/* End PBXFileSystemSynchronizedRootGroup section */

/* Begin PBXFrameworksBuildPhase section */
		66998FBC2EE03A0400963BDE /* Frameworks */ = {
			isa = PBXFrameworksBuildPhase;
			buildActionMask = 2147483647;
			files = (
				669ED2ED2EE17DEF005F3ECA /* QuartzCore.framework in Frameworks */,
				669ED2EB2EE17DE2005F3ECA /* InputMethodKit.framework in Frameworks */,
				669ED2EF2EE17DFA005F3ECA /* UserNotifications.framework in Frameworks */,
			);
			runOnlyForDeploymentPostprocessing = 0;
		};
/* End PBXFrameworksBuildPhase section */

/* Begin PBXGroup section */
		66998FB62EE03A0400963BDE = {
			isa = PBXGroup;
			children = (
				669ED3072EE18914005F3ECA /* rime_deployer */,
				669ED3082EE18914005F3ECA /* rime_dict_manager */,
				669ED2FF2EE18702005F3ECA /* librime-lua.dylib */,
				669ED2FE2EE18702005F3ECA /* librime-octagram.dylib */,
				669ED2FD2EE18702005F3ECA /* librime-predict.dylib */,
				669ED2FA2EE1866E005F3ECA /* librime.1.dylib */,
				66998FC12EE03A0400963BDE /* oim */,
				669ED2E92EE17DE2005F3ECA /* Frameworks */,
				66998FC02EE03A0400963BDE /* Products */,
			);
			sourceTree = "<group>";
		};
		66998FC02EE03A0400963BDE /* Products */ = {
			isa = PBXGroup;
			children = (
				66998FBF2EE03A0400963BDE /* oim.app */,
			);
			name = Products;
			sourceTree = "<group>";
		};
		669ED2E92EE17DE2005F3ECA /* Frameworks */ = {
			isa = PBXGroup;
			children = (
				669ED2EE2EE17DFA005F3ECA /* UserNotifications.framework */,
				669ED2EC2EE17DEF005F3ECA /* QuartzCore.framework */,
				669ED2EA2EE17DE2005F3ECA /* InputMethodKit.framework */,
			);
			name = Frameworks;
			sourceTree = "<group>";
		};
/* End PBXGroup section */

/* Begin PBXNativeTarget section */
		66998FBE2EE03A0400963BDE /* oim */ = {
			isa = PBXNativeTarget;
			buildConfigurationList = 66998FCA2EE03A0500963BDE /* Build configuration list for PBXNativeTarget "oim" */;
			buildPhases = (
				66998FBB2EE03A0400963BDE /* Sources */,
				66998FBC2EE03A0400963BDE /* Frameworks */,
				66998FBD2EE03A0400963BDE /* Resources */,
				669ED2F92EE185CB005F3ECA /* Copy 3rd-party Frameworks */,
				669ED2FC2EE186DC005F3ECA /* Copy Rime plugins */,
				669ED3062EE188E6005F3ECA /* Copy Files */,
			);
			buildRules = (
			);
			dependencies = (
			);
			fileSystemSynchronizedGroups = (
				66998FC12EE03A0400963BDE /* oim */,
			);
			name = oim;
			packageProductDependencies = (
			);
			productName = oim;
			productReference = 66998FBF2EE03A0400963BDE /* oim.app */;
			productType = "com.apple.product-type.application";
		};
/* End PBXNativeTarget section */

/* Begin PBXProject section */
		66998FB72EE03A0400963BDE /* Project object */ = {
			isa = PBXProject;
			attributes = {
				BuildIndependentTargetsInParallel = 1;
				LastSwiftUpdateCheck = 2610;
				LastUpgradeCheck = 2610;
				TargetAttributes = {
					66998FBE2EE03A0400963BDE = {
						CreatedOnToolsVersion = 26.1.1;
					};
				};
			};
			buildConfigurationList = 66998FBA2EE03A0400963BDE /* Build configuration list for PBXProject "oim" */;
			developmentRegion = en;
			hasScannedForEncodings = 0;
			knownRegions = (
				en,
				Base,
			);
			mainGroup = 66998FB62EE03A0400963BDE;
			minimizedProjectReferenceProxies = 1;
			preferredProjectObjectVersion = 77;
			productRefGroup = 66998FC02EE03A0400963BDE /* Products */;
			projectDirPath = "";
			projectRoot = "";
			targets = (
				66998FBE2EE03A0400963BDE /* oim */,
			);
		};
/* End PBXProject section */

/* Begin PBXResourcesBuildPhase section */
		66998FBD2EE03A0400963BDE /* Resources */ = {
			isa = PBXResourcesBuildPhase;
			buildActionMask = 2147483647;
			files = (
			);
			runOnlyForDeploymentPostprocessing = 0;
		};
/* End PBXResourcesBuildPhase section */

/* Begin PBXSourcesBuildPhase section */
		66998FBB2EE03A0400963BDE /* Sources */ = {
			isa = PBXSourcesBuildPhase;
			buildActionMask = 2147483647;
			files = (
			);
			runOnlyForDeploymentPostprocessing = 0;
		};
/* End PBXSourcesBuildPhase section */

/* Begin XCBuildConfiguration section */
		66998FC82EE03A0500963BDE /* Debug */ = {
			isa = XCBuildConfiguration;
			buildSettings = {
				ALWAYS_SEARCH_USER_PATHS = NO;
				ASSETCATALOG_COMPILER_APPICON_NAME = "";
				ASSETCATALOG_COMPILER_GENERATE_SWIFT_ASSET_SYMBOL_EXTENSIONS = YES;
				CLANG_ANALYZER_NONNULL = YES;
				CLANG_ANALYZER_NUMBER_OBJECT_CONVERSION = YES_AGGRESSIVE;
				CLANG_CXX_LANGUAGE_STANDARD = "compiler-default";
				CLANG_ENABLE_MODULES = YES;
				CLANG_ENABLE_OBJC_ARC = YES;
				CLANG_ENABLE_OBJC_WEAK = YES;
				CLANG_WARN_BLOCK_CAPTURE_AUTORELEASING = YES;
				CLANG_WARN_BOOL_CONVERSION = YES;
				CLANG_WARN_COMMA = YES;
				CLANG_WARN_CONSTANT_CONVERSION = YES;
				CLANG_WARN_DEPRECATED_OBJC_IMPLEMENTATIONS = YES;
				CLANG_WARN_DIRECT_OBJC_ISA_USAGE = YES_ERROR;
				CLANG_WARN_DOCUMENTATION_COMMENTS = YES;
				CLANG_WARN_EMPTY_BODY = YES;
				CLANG_WARN_ENUM_CONVERSION = YES;
				CLANG_WARN_INFINITE_RECURSION = YES;
				CLANG_WARN_INT_CONVERSION = YES;
				CLANG_WARN_NON_LITERAL_NULL_CONVERSION = YES;
				CLANG_WARN_OBJC_IMPLICIT_RETAIN_SELF = YES;
				CLANG_WARN_OBJC_LITERAL_CONVERSION = YES;
				CLANG_WARN_OBJC_ROOT_CLASS = YES_ERROR;
				CLANG_WARN_QUOTED_INCLUDE_IN_FRAMEWORK_HEADER = YES;
				CLANG_WARN_RANGE_LOOP_ANALYSIS = YES;
				CLANG_WARN_STRICT_PROTOTYPES = YES;
				CLANG_WARN_SUSPICIOUS_MOVE = YES;
				CLANG_WARN_UNGUARDED_AVAILABILITY = YES_AGGRESSIVE;
				CLANG_WARN_UNREACHABLE_CODE = YES;
				CLANG_WARN__DUPLICATE_METHOD_MATCH = YES;
				COPY_PHASE_STRIP = NO;
				DEAD_CODE_STRIPPING = YES;
				DEBUG_INFORMATION_FORMAT = dwarf;
				DEVELOPMENT_TEAM = 5JUR6NQ4XM;
				ENABLE_NS_ASSERTIONS = YES;
				ENABLE_STRICT_OBJC_MSGSEND = YES;
				ENABLE_TESTABILITY = YES;
				ENABLE_USER_SCRIPT_SANDBOXING = YES;
				GCC_C_LANGUAGE_STANDARD = "compiler-default";
				GCC_DYNAMIC_NO_PIC = NO;
				GCC_NO_COMMON_BLOCKS = YES;
				GCC_OPTIMIZATION_LEVEL = 0;
				GCC_PREPROCESSOR_DEFINITIONS = (
					"DEBUG=1",
					"$(inherited)",
				);
				GCC_WARN_64_TO_32_BIT_CONVERSION = YES;
				GCC_WARN_ABOUT_RETURN_TYPE = YES_ERROR;
				GCC_WARN_UNDECLARED_SELECTOR = YES;
				GCC_WARN_UNINITIALIZED_AUTOS = YES_AGGRESSIVE;
				GCC_WARN_UNUSED_FUNCTION = YES;
				GCC_WARN_UNUSED_VARIABLE = YES;
				HEADER_SEARCH_PATHS = (
					"$(HEADER_SEARCH_PATHS_QUOTED_FOR_PROJECT_1)",
					"$(HEADER_SEARCH_PATHS_QUOTED_FOR_PROJECT_2)",
				);
				LIBRARY_SEARCH_PATHS = "$(SRCROOT)/lib";
				LOCALIZATION_PREFERS_STRING_CATALOGS = YES;
				MACOSX_DEPLOYMENT_TARGET = 26.0;
				MTL_ENABLE_DEBUG_INFO = INCLUDE_SOURCE;
				MTL_FAST_MATH = YES;
				ONLY_ACTIVE_ARCH = YES;
				SDKROOT = macosx;
				SWIFT_ACTIVE_COMPILATION_CONDITIONS = "DEBUG $(inherited)";
				SWIFT_OPTIMIZATION_LEVEL = "-Onone";
				SWIFT_VERSION = 6.0;
			};
			name = Debug;
		};
		66998FC92EE03A0500963BDE /* Release */ = {
			isa = XCBuildConfiguration;
			buildSettings = {
				ALWAYS_SEARCH_USER_PATHS = NO;
				ASSETCATALOG_COMPILER_APPICON_NAME = "";
				ASSETCATALOG_COMPILER_GENERATE_SWIFT_ASSET_SYMBOL_EXTENSIONS = YES;
				CLANG_ANALYZER_NONNULL = YES;
				CLANG_ANALYZER_NUMBER_OBJECT_CONVERSION = YES_AGGRESSIVE;
				CLANG_CXX_LANGUAGE_STANDARD = "compiler-default";
				CLANG_ENABLE_MODULES = YES;
				CLANG_ENABLE_OBJC_ARC = YES;
				CLANG_ENABLE_OBJC_WEAK = YES;
				CLANG_WARN_BLOCK_CAPTURE_AUTORELEASING = YES;
				CLANG_WARN_BOOL_CONVERSION = YES;
				CLANG_WARN_COMMA = YES;
				CLANG_WARN_CONSTANT_CONVERSION = YES;
				CLANG_WARN_DEPRECATED_OBJC_IMPLEMENTATIONS = YES;
				CLANG_WARN_DIRECT_OBJC_ISA_USAGE = YES_ERROR;
				CLANG_WARN_DOCUMENTATION_COMMENTS = YES;
				CLANG_WARN_EMPTY_BODY = YES;
				CLANG_WARN_ENUM_CONVERSION = YES;
				CLANG_WARN_INFINITE_RECURSION = YES;
				CLANG_WARN_INT_CONVERSION = YES;
				CLANG_WARN_NON_LITERAL_NULL_CONVERSION = YES;
				CLANG_WARN_OBJC_IMPLICIT_RETAIN_SELF = YES;
				CLANG_WARN_OBJC_LITERAL_CONVERSION = YES;
				CLANG_WARN_OBJC_ROOT_CLASS = YES_ERROR;
				CLANG_WARN_QUOTED_INCLUDE_IN_FRAMEWORK_HEADER = YES;
				CLANG_WARN_RANGE_LOOP_ANALYSIS = YES;
				CLANG_WARN_STRICT_PROTOTYPES = YES;
				CLANG_WARN_SUSPICIOUS_MOVE = YES;
				CLANG_WARN_UNGUARDED_AVAILABILITY = YES_AGGRESSIVE;
				CLANG_WARN_UNREACHABLE_CODE = YES;
				CLANG_WARN__DUPLICATE_METHOD_MATCH = YES;
				COPY_PHASE_STRIP = NO;
				DEAD_CODE_STRIPPING = YES;
				DEBUG_INFORMATION_FORMAT = "dwarf-with-dsym";
				DEVELOPMENT_TEAM = 5JUR6NQ4XM;
				ENABLE_NS_ASSERTIONS = YES;
				ENABLE_STRICT_OBJC_MSGSEND = YES;
				ENABLE_TESTABILITY = YES;
				ENABLE_USER_SCRIPT_SANDBOXING = YES;
				GCC_C_LANGUAGE_STANDARD = "compiler-default";
				GCC_NO_COMMON_BLOCKS = YES;
				GCC_WARN_64_TO_32_BIT_CONVERSION = YES;
				GCC_WARN_ABOUT_RETURN_TYPE = YES_ERROR;
				GCC_WARN_UNDECLARED_SELECTOR = YES;
				GCC_WARN_UNINITIALIZED_AUTOS = YES_AGGRESSIVE;
				GCC_WARN_UNUSED_FUNCTION = YES;
				GCC_WARN_UNUSED_VARIABLE = YES;
				HEADER_SEARCH_PATHS = (
					"$(HEADER_SEARCH_PATHS_QUOTED_FOR_PROJECT_1)",
					"$(HEADER_SEARCH_PATHS_QUOTED_FOR_PROJECT_2)",
				);
				LIBRARY_SEARCH_PATHS = "$(SRCROOT)/lib";
				LOCALIZATION_PREFERS_STRING_CATALOGS = YES;
				MACOSX_DEPLOYMENT_TARGET = 26.0;
				MTL_ENABLE_DEBUG_INFO = NO;
				MTL_FAST_MATH = YES;
				ONLY_ACTIVE_ARCH = YES;
				SDKROOT = macosx;
				SWIFT_COMPILATION_MODE = wholemodule;
				SWIFT_VERSION = 6.0;
			};
			name = Release;
		};
		66998FCB2EE03A0500963BDE /* Debug */ = {
			isa = XCBuildConfiguration;
			buildSettings = {
				ASSETCATALOG_COMPILER_APPICON_NAME = AppIcon;
				ASSETCATALOG_COMPILER_GLOBAL_ACCENT_COLOR_NAME = AccentColor;
				CODE_SIGN_IDENTITY = "Apple Development";
				"CODE_SIGN_IDENTITY[sdk=macosx*]" = "-";
				CODE_SIGN_STYLE = Manual;
				COMBINE_HIDPI_IMAGES = YES;
				CURRENT_PROJECT_VERSION = 1;
				DEVELOPMENT_TEAM = "";
				"DEVELOPMENT_TEAM[sdk=macosx*]" = 5JUR6NQ4XM;
				ENABLE_APP_SANDBOX = YES;
				ENABLE_HARDENED_RUNTIME = YES;
				ENABLE_PREVIEWS = YES;
				ENABLE_USER_SELECTED_FILES = readonly;
				GENERATE_INFOPLIST_FILE = YES;
				INFOPLIST_KEY_CFBundleDisplayName = "OIM Input Method";
				INFOPLIST_KEY_LSApplicationCategoryType = "public.app-category.utilities";
				INFOPLIST_KEY_NSHumanReadableCopyright = "";
				LD_RUNPATH_SEARCH_PATHS = (
					"$(inherited)",
					"@executable_path/../Frameworks",
				);
				LIBRARY_SEARCH_PATHS = (
					"$(inherited)",
					"$(PROJECT_DIR)/lib",
					"$(PROJECT_DIR)/dependency/rime/dist/lib/rime-plugins",
					"$(PROJECT_DIR)/lib/rime-plugins",
				);
				MACOSX_DEPLOYMENT_TARGET = 26.0;
				MARKETING_VERSION = 1.0;
				PRODUCT_BUNDLE_IDENTIFIER = top.zaoangod.oim;
				PRODUCT_NAME = "$(TARGET_NAME)";
				PROVISIONING_PROFILE_SPECIFIER = "";
				"PROVISIONING_PROFILE_SPECIFIER[sdk=macosx*]" = "";
				REGISTER_APP_GROUPS = YES;
				STRING_CATALOG_GENERATE_SYMBOLS = YES;
				SWIFT_APPROACHABLE_CONCURRENCY = YES;
				SWIFT_DEFAULT_ACTOR_ISOLATION = MainActor;
				SWIFT_EMIT_LOC_STRINGS = YES;
				SWIFT_UPCOMING_FEATURE_MEMBER_IMPORT_VISIBILITY = YES;
				SWIFT_VERSION = 5.0;
			};
			name = Debug;
		};
		66998FCC2EE03A0500963BDE /* Release */ = {
			isa = XCBuildConfiguration;
			buildSettings = {
				ASSETCATALOG_COMPILER_APPICON_NAME = AppIcon;
				ASSETCATALOG_COMPILER_GLOBAL_ACCENT_COLOR_NAME = AccentColor;
				CODE_SIGN_IDENTITY = "Apple Development";
				"CODE_SIGN_IDENTITY[sdk=macosx*]" = "-";
				CODE_SIGN_STYLE = Manual;
				COMBINE_HIDPI_IMAGES = YES;
				CURRENT_PROJECT_VERSION = 1;
				DEVELOPMENT_TEAM = "";
				"DEVELOPMENT_TEAM[sdk=macosx*]" = 5JUR6NQ4XM;
				ENABLE_APP_SANDBOX = YES;
				ENABLE_HARDENED_RUNTIME = YES;
				ENABLE_PREVIEWS = YES;
				ENABLE_USER_SELECTED_FILES = readonly;
				GENERATE_INFOPLIST_FILE = YES;
				INFOPLIST_KEY_CFBundleDisplayName = "OIM Input Method";
				INFOPLIST_KEY_LSApplicationCategoryType = "public.app-category.utilities";
				INFOPLIST_KEY_NSHumanReadableCopyright = "";
				LD_RUNPATH_SEARCH_PATHS = (
					"$(inherited)",
					"@executable_path/../Frameworks",
				);
				LIBRARY_SEARCH_PATHS = (
					"$(inherited)",
					"$(PROJECT_DIR)/lib",
					"$(PROJECT_DIR)/dependency/rime/dist/lib/rime-plugins",
					"$(PROJECT_DIR)/lib/rime-plugins",
				);
				MACOSX_DEPLOYMENT_TARGET = 26.0;
				MARKETING_VERSION = 1.0;
				PRODUCT_BUNDLE_IDENTIFIER = top.zaoangod.oim;
				PRODUCT_NAME = "$(TARGET_NAME)";
				PROVISIONING_PROFILE_SPECIFIER = "";
				"PROVISIONING_PROFILE_SPECIFIER[sdk=macosx*]" = "";
				REGISTER_APP_GROUPS = YES;
				STRING_CATALOG_GENERATE_SYMBOLS = YES;
				SWIFT_APPROACHABLE_CONCURRENCY = YES;
				SWIFT_DEFAULT_ACTOR_ISOLATION = MainActor;
				SWIFT_EMIT_LOC_STRINGS = YES;
				SWIFT_UPCOMING_FEATURE_MEMBER_IMPORT_VISIBILITY = YES;
				SWIFT_VERSION = 5.0;
			};
			name = Release;
		};
/* End XCBuildConfiguration section */

/* Begin XCConfigurationList section */
		66998FBA2EE03A0400963BDE /* Build configuration list for PBXProject "oim" */ = {
			isa = XCConfigurationList;
			buildConfigurations = (
				66998FC82EE03A0500963BDE /* Debug */,
				66998FC92EE03A0500963BDE /* Release */,
			);
			defaultConfigurationIsVisible = 0;
			defaultConfigurationName = Release;
		};
		66998FCA2EE03A0500963BDE /* Build configuration list for PBXNativeTarget "oim" */ = {
			isa = XCConfigurationList;
			buildConfigurations = (
				66998FCB2EE03A0500963BDE /* Debug */,
				66998FCC2EE03A0500963BDE /* Release */,
			);
			defaultConfigurationIsVisible = 0;
			defaultConfigurationName = Release;
		};
/* End XCConfigurationList section */
	};
	rootObject = 66998FB72EE03A0400963BDE /* Project object */;
}
